// !$*UTF8*$!
{
	archiveVersion = 1;
	classes = {
	};
	objectVersion = 46;
	objects = {

/* Begin PBXBuildFile section */
		2D2BDEDFAEBC4561AE96C038 /* libPods.a in Frameworks */ = {isa = PBXBuildFile; fileRef = EB55E79FAFD748B3B40EE6C0 /* libPods.a */; };
		536181D61A7736CA00558E0D /* main.m in Sources */ = {isa = PBXBuildFile; fileRef = 536181D51A7736CA00558E0D /* main.m */; };
		536181D91A7736CA00558E0D /* AppDelegate.m in Sources */ = {isa = PBXBuildFile; fileRef = 536181D81A7736CA00558E0D /* AppDelegate.m */; };
		536181E11A7736CA00558E0D /* Images.xcassets in Resources */ = {isa = PBXBuildFile; fileRef = 536181E01A7736CA00558E0D /* Images.xcassets */; };
		536181E41A7736CA00558E0D /* LaunchScreen.xib in Resources */ = {isa = PBXBuildFile; fileRef = 536181E21A7736CA00558E0D /* LaunchScreen.xib */; };
		536181F01A7736CA00558E0D /* rottenTomatoTests.m in Sources */ = {isa = PBXBuildFile; fileRef = 536181EF1A7736CA00558E0D /* rottenTomatoTests.m */; };
		536181FC1A7749D000558E0D /* MoviesViewController.m in Sources */ = {isa = PBXBuildFile; fileRef = 536181FA1A7749D000558E0D /* MoviesViewController.m */; };
		536181FD1A7749D000558E0D /* MoviesViewController.xib in Resources */ = {isa = PBXBuildFile; fileRef = 536181FB1A7749D000558E0D /* MoviesViewController.xib */; };
		536182061A7767C600558E0D /* MovieCell.m in Sources */ = {isa = PBXBuildFile; fileRef = 536182041A7767C600558E0D /* MovieCell.m */; };
		536182071A7767C600558E0D /* MovieCell.xib in Resources */ = {isa = PBXBuildFile; fileRef = 536182051A7767C600558E0D /* MovieCell.xib */; };
		5361820B1A776D4A00558E0D /* MovieDetailViewController.m in Sources */ = {isa = PBXBuildFile; fileRef = 536182091A776D4900558E0D /* MovieDetailViewController.m */; };
		5361820C1A776D4A00558E0D /* MovieDetailViewController.xib in Resources */ = {isa = PBXBuildFile; fileRef = 5361820A1A776D4900558E0D /* MovieDetailViewController.xib */; };
/* End PBXBuildFile section */

/* Begin PBXContainerItemProxy section */
		536181EA1A7736CA00558E0D /* PBXContainerItemProxy */ = {
			isa = PBXContainerItemProxy;
			containerPortal = 536181C81A7736CA00558E0D /* Project object */;
			proxyType = 1;
			remoteGlobalIDString = 536181CF1A7736CA00558E0D;
			remoteInfo = rottenTomato;
		};
/* End PBXContainerItemProxy section */

/* Begin PBXFileReference section */
		536181D01A7736CA00558E0D /* rottenTomato.app */ = {isa = PBXFileReference; explicitFileType = wrapper.application; includeInIndex = 0; path = rottenTomato.app; sourceTree = BUILT_PRODUCTS_DIR; };
		536181D41A7736CA00558E0D /* Info.plist */ = {isa = PBXFileReference; lastKnownFileType = text.plist.xml; path = Info.plist; sourceTree = "<group>"; };
		536181D51A7736CA00558E0D /* main.m */ = {isa = PBXFileReference; lastKnownFileType = sourcecode.c.objc; path = main.m; sourceTree = "<group>"; };
		536181D71A7736CA00558E0D /* AppDelegate.h */ = {isa = PBXFileReference; lastKnownFileType = sourcecode.c.h; path = AppDelegate.h; sourceTree = "<group>"; };
		536181D81A7736CA00558E0D /* AppDelegate.m */ = {isa = PBXFileReference; lastKnownFileType = sourcecode.c.objc; path = AppDelegate.m; sourceTree = "<group>"; };
		536181E01A7736CA00558E0D /* Images.xcassets */ = {isa = PBXFileReference; lastKnownFileType = folder.assetcatalog; path = Images.xcassets; sourceTree = "<group>"; };
		536181E31A7736CA00558E0D /* Base */ = {isa = PBXFileReference; lastKnownFileType = file.xib; name = Base; path = Base.lproj/LaunchScreen.xib; sourceTree = "<group>"; };
		536181E91A7736CA00558E0D /* rottenTomatoTests.xctest */ = {isa = PBXFileReference; explicitFileType = wrapper.cfbundle; includeInIndex = 0; path = rottenTomatoTests.xctest; sourceTree = BUILT_PRODUCTS_DIR; };
		536181EE1A7736CA00558E0D /* Info.plist */ = {isa = PBXFileReference; lastKnownFileType = text.plist.xml; path = Info.plist; sourceTree = "<group>"; };
		536181EF1A7736CA00558E0D /* rottenTomatoTests.m */ = {isa = PBXFileReference; lastKnownFileType = sourcecode.c.objc; path = rottenTomatoTests.m; sourceTree = "<group>"; };
		536181F91A7749D000558E0D /* MoviesViewController.h */ = {isa = PBXFileReference; fileEncoding = 4; lastKnownFileType = sourcecode.c.h; path = MoviesViewController.h; sourceTree = "<group>"; };
		536181FA1A7749D000558E0D /* MoviesViewController.m */ = {isa = PBXFileReference; fileEncoding = 4; lastKnownFileType = sourcecode.c.objc; path = MoviesViewController.m; sourceTree = "<group>"; };
		536181FB1A7749D000558E0D /* MoviesViewController.xib */ = {isa = PBXFileReference; fileEncoding = 4; lastKnownFileType = file.xib; path = MoviesViewController.xib; sourceTree = "<group>"; };
		536182031A7767C600558E0D /* MovieCell.h */ = {isa = PBXFileReference; fileEncoding = 4; lastKnownFileType = sourcecode.c.h; path = MovieCell.h; sourceTree = "<group>"; };
		536182041A7767C600558E0D /* MovieCell.m */ = {isa = PBXFileReference; fileEncoding = 4; lastKnownFileType = sourcecode.c.objc; path = MovieCell.m; sourceTree = "<group>"; };
		536182051A7767C600558E0D /* MovieCell.xib */ = {isa = PBXFileReference; fileEncoding = 4; lastKnownFileType = file.xib; path = MovieCell.xib; sourceTree = "<group>"; };
		536182081A776D4900558E0D /* MovieDetailViewController.h */ = {isa = PBXFileReference; fileEncoding = 4; lastKnownFileType = sourcecode.c.h; path = MovieDetailViewController.h; sourceTree = "<group>"; };
		536182091A776D4900558E0D /* MovieDetailViewController.m */ = {isa = PBXFileReference; fileEncoding = 4; lastKnownFileType = sourcecode.c.objc; path = MovieDetailViewController.m; sourceTree = "<group>"; };
		5361820A1A776D4900558E0D /* MovieDetailViewController.xib */ = {isa = PBXFileReference; fileEncoding = 4; lastKnownFileType = file.xib; path = MovieDetailViewController.xib; sourceTree = "<group>"; };
		776AAB4EB6DD4E208CA72C47 /* Pods.xcconfig */ = {isa = PBXFileReference; includeInIndex = 1; lastKnownFileType = text.xcconfig; name = Pods.xcconfig; path = Pods/Pods.xcconfig; sourceTree = "<group>"; };
		EB55E79FAFD748B3B40EE6C0 /* libPods.a */ = {isa = PBXFileReference; explicitFileType = archive.ar; includeInIndex = 0; path = libPods.a; sourceTree = BUILT_PRODUCTS_DIR; };
/* End PBXFileReference section */

/* Begin PBXFrameworksBuildPhase section */
		536181CD1A7736CA00558E0D /* Frameworks */ = {
			isa = PBXFrameworksBuildPhase;
			buildActionMask = 2147483647;
			files = (
				2D2BDEDFAEBC4561AE96C038 /* libPods.a in Frameworks */,
			);
			runOnlyForDeploymentPostprocessing = 0;
		};
		536181E61A7736CA00558E0D /* Frameworks */ = {
			isa = PBXFrameworksBuildPhase;
			buildActionMask = 2147483647;
			files = (
			);
			runOnlyForDeploymentPostprocessing = 0;
		};
/* End PBXFrameworksBuildPhase section */

/* Begin PBXGroup section */
		536181C71A7736CA00558E0D = {
			isa = PBXGroup;
			children = (
				536181D21A7736CA00558E0D /* rottenTomato */,
				536181EC1A7736CA00558E0D /* rottenTomatoTests */,
				536181D11A7736CA00558E0D /* Products */,
				776AAB4EB6DD4E208CA72C47 /* Pods.xcconfig */,
				F07CE7DFEFFF462BBD0ACEFF /* Frameworks */,
			);
			sourceTree = "<group>";
		};
		536181D11A7736CA00558E0D /* Products */ = {
			isa = PBXGroup;
			children = (
				536181D01A7736CA00558E0D /* rottenTomato.app */,
				536181E91A7736CA00558E0D /* rottenTomatoTests.xctest */,
			);
			name = Products;
			sourceTree = "<group>";
		};
		536181D21A7736CA00558E0D /* rottenTomato */ = {
			isa = PBXGroup;
			children = (
				536181D71A7736CA00558E0D /* AppDelegate.h */,
				536181D81A7736CA00558E0D /* AppDelegate.m */,
				536181E01A7736CA00558E0D /* Images.xcassets */,
				536181E21A7736CA00558E0D /* LaunchScreen.xib */,
				536181D31A7736CA00558E0D /* Supporting Files */,
				536181F91A7749D000558E0D /* MoviesViewController.h */,
				536181FA1A7749D000558E0D /* MoviesViewController.m */,
				536181FB1A7749D000558E0D /* MoviesViewController.xib */,
				536182031A7767C600558E0D /* MovieCell.h */,
				536182041A7767C600558E0D /* MovieCell.m */,
				536182051A7767C600558E0D /* MovieCell.xib */,
				536182081A776D4900558E0D /* MovieDetailViewController.h */,
				536182091A776D4900558E0D /* MovieDetailViewController.m */,
				5361820A1A776D4900558E0D /* MovieDetailViewController.xib */,
			);
			path = rottenTomato;
			sourceTree = "<group>";
		};
		536181D31A7736CA00558E0D /* Supporting Files */ = {
			isa = PBXGroup;
			children = (
				536181D41A7736CA00558E0D /* Info.plist */,
				536181D51A7736CA00558E0D /* main.m */,
			);
			name = "Supporting Files";
			sourceTree = "<group>";
		};
		536181EC1A7736CA00558E0D /* rottenTomatoTests */ = {
			isa = PBXGroup;
			children = (
				536181EF1A7736CA00558E0D /* rottenTomatoTests.m */,
				536181ED1A7736CA00558E0D /* Supporting Files */,
			);
			path = rottenTomatoTests;
			sourceTree = "<group>";
		};
		536181ED1A7736CA00558E0D /* Supporting Files */ = {
			isa = PBXGroup;
			children = (
				536181EE1A7736CA00558E0D /* Info.plist */,
			);
			name = "Supporting Files";
			sourceTree = "<group>";
		};
		F07CE7DFEFFF462BBD0ACEFF /* Frameworks */ = {
			isa = PBXGroup;
			children = (
				EB55E79FAFD748B3B40EE6C0 /* libPods.a */,
			);
			name = Frameworks;
			sourceTree = "<group>";
		};
/* End PBXGroup section */

/* Begin PBXNativeTarget section */
		536181CF1A7736CA00558E0D /* rottenTomato */ = {
			isa = PBXNativeTarget;
			buildConfigurationList = 536181F31A7736CA00558E0D /* Build configuration list for PBXNativeTarget "rottenTomato" */;
			buildPhases = (
				60536CF0C3D449D7AB35C2E5 /* Check Pods Manifest.lock */,
				536181CC1A7736CA00558E0D /* Sources */,
				536181CD1A7736CA00558E0D /* Frameworks */,
				536181CE1A7736CA00558E0D /* Resources */,
				D78B422689824380AA2ECA25 /* Copy Pods Resources */,
			);
			buildRules = (
			);
			dependencies = (
			);
			name = rottenTomato;
			productName = rottenTomato;
			productReference = 536181D01A7736CA00558E0D /* rottenTomato.app */;
			productType = "com.apple.product-type.application";
		};
		536181E81A7736CA00558E0D /* rottenTomatoTests */ = {
			isa = PBXNativeTarget;
			buildConfigurationList = 536181F61A7736CA00558E0D /* Build configuration list for PBXNativeTarget "rottenTomatoTests" */;
			buildPhases = (
				536181E51A7736CA00558E0D /* Sources */,
				536181E61A7736CA00558E0D /* Frameworks */,
				536181E71A7736CA00558E0D /* Resources */,
			);
			buildRules = (
			);
			dependencies = (
				536181EB1A7736CA00558E0D /* PBXTargetDependency */,
			);
			name = rottenTomatoTests;
			productName = rottenTomatoTests;
			productReference = 536181E91A7736CA00558E0D /* rottenTomatoTests.xctest */;
			productType = "com.apple.product-type.bundle.unit-test";
		};
/* End PBXNativeTarget section */

/* Begin PBXProject section */
		536181C81A7736CA00558E0D /* Project object */ = {
			isa = PBXProject;
			attributes = {
				LastUpgradeCheck = 0610;
				ORGANIZATIONNAME = Xinghai;
				TargetAttributes = {
					536181CF1A7736CA00558E0D = {
						CreatedOnToolsVersion = 6.1;
					};
					536181E81A7736CA00558E0D = {
						CreatedOnToolsVersion = 6.1;
						TestTargetID = 536181CF1A7736CA00558E0D;
					};
				};
			};
			buildConfigurationList = 536181CB1A7736CA00558E0D /* Build configuration list for PBXProject "rottenTomato" */;
			compatibilityVersion = "Xcode 3.2";
			developmentRegion = English;
			hasScannedForEncodings = 0;
			knownRegions = (
				en,
				Base,
			);
			mainGroup = 536181C71A7736CA00558E0D;
			productRefGroup = 536181D11A7736CA00558E0D /* Products */;
			projectDirPath = "";
			projectRoot = "";
			targets = (
				536181CF1A7736CA00558E0D /* rottenTomato */,
				536181E81A7736CA00558E0D /* rottenTomatoTests */,
			);
		};
/* End PBXProject section */

/* Begin PBXResourcesBuildPhase section */
		536181CE1A7736CA00558E0D /* Resources */ = {
			isa = PBXResourcesBuildPhase;
			buildActionMask = 2147483647;
			files = (
				5361820C1A776D4A00558E0D /* MovieDetailViewController.xib in Resources */,
				536181E41A7736CA00558E0D /* LaunchScreen.xib in Resources */,
				536181FD1A7749D000558E0D /* MoviesViewController.xib in Resources */,
				536182071A7767C600558E0D /* MovieCell.xib in Resources */,
				536181E11A7736CA00558E0D /* Images.xcassets in Resources */,
			);
			runOnlyForDeploymentPostprocessing = 0;
		};
		536181E71A7736CA00558E0D /* Resources */ = {
			isa = PBXResourcesBuildPhase;
			buildActionMask = 2147483647;
			files = (
			);
			runOnlyForDeploymentPostprocessing = 0;
		};
/* End PBXResourcesBuildPhase section */

/* Begin PBXShellScriptBuildPhase section */
		60536CF0C3D449D7AB35C2E5 /* Check Pods Manifest.lock */ = {
			isa = PBXShellScriptBuildPhase;
			buildActionMask = 2147483647;
			files = (
			);
			inputPaths = (
			);
			name = "Check Pods Manifest.lock";
			outputPaths = (
			);
			runOnlyForDeploymentPostprocessing = 0;
			shellPath = /bin/sh;
			shellScript = "diff \"${PODS_ROOT}/../Podfile.lock\" \"${PODS_ROOT}/Manifest.lock\" > /dev/null\nif [[ $? != 0 ]] ; then\n    cat << EOM\nerror: The sandbox is not in sync with the Podfile.lock. Run 'pod install' or update your CocoaPods installation.\nEOM\n    exit 1\nfi\n";
			showEnvVarsInLog = 0;
		};
		D78B422689824380AA2ECA25 /* Copy Pods Resources */ = {
			isa = PBXShellScriptBuildPhase;
			buildActionMask = 2147483647;
			files = (
			);
			inputPaths = (
			);
			name = "Copy Pods Resources";
			outputPaths = (
			);
			runOnlyForDeploymentPostprocessing = 0;
			shellPath = /bin/sh;
			shellScript = "\"${SRCROOT}/Pods/Pods-resources.sh\"\n";
			showEnvVarsInLog = 0;
		};
/* End PBXShellScriptBuildPhase section */

/* Begin PBXSourcesBuildPhase section */
		536181CC1A7736CA00558E0D /* Sources */ = {
			isa = PBXSourcesBuildPhase;
			buildActionMask = 2147483647;
			files = (
				536181FC1A7749D000558E0D /* MoviesViewController.m in Sources */,
				536181D91A7736CA00558E0D /* AppDelegate.m in Sources */,
				5361820B1A776D4A00558E0D /* MovieDetailViewController.m in Sources */,
				536182061A7767C600558E0D /* MovieCell.m in Sources */,
				536181D61A7736CA00558E0D /* main.m in Sources */,
			);
			runOnlyForDeploymentPostprocessing = 0;
		};
		536181E51A7736CA00558E0D /* Sources */ = {
			isa = PBXSourcesBuildPhase;
			buildActionMask = 2147483647;
			files = (
				536181F01A7736CA00558E0D /* rottenTomatoTests.m in Sources */,
			);
			runOnlyForDeploymentPostprocessing = 0;
		};
/* End PBXSourcesBuildPhase section */

/* Begin PBXTargetDependency section */
		536181EB1A7736CA00558E0D /* PBXTargetDependency */ = {
			isa = PBXTargetDependency;
			target = 536181CF1A7736CA00558E0D /* rottenTomato */;
			targetProxy = 536181EA1A7736CA00558E0D /* PBXContainerItemProxy */;
		};
/* End PBXTargetDependency section */

/* Begin PBXVariantGroup section */
		536181E21A7736CA00558E0D /* LaunchScreen.xib */ = {
			isa = PBXVariantGroup;
			children = (
				536181E31A7736CA00558E0D /* Base */,
			);
			name = LaunchScreen.xib;
			sourceTree = "<group>";
		};
/* End PBXVariantGroup section */

/* Begin XCBuildConfiguration section */
		536181F11A7736CA00558E0D /* Debug */ = {
			isa = XCBuildConfiguration;
			buildSettings = {
				ALWAYS_SEARCH_USER_PATHS = NO;
				CLANG_CXX_LANGUAGE_STANDARD = "gnu++0x";
				CLANG_CXX_LIBRARY = "libc++";
				CLANG_ENABLE_MODULES = YES;
				CLANG_ENABLE_OBJC_ARC = YES;
				CLANG_WARN_BOOL_CONVERSION = YES;
				CLANG_WARN_CONSTANT_CONVERSION = YES;
				CLANG_WARN_DIRECT_OBJC_ISA_USAGE = YES_ERROR;
				CLANG_WARN_EMPTY_BODY = YES;
				CLANG_WARN_ENUM_CONVERSION = YES;
				CLANG_WARN_INT_CONVERSION = YES;
				CLANG_WARN_OBJC_ROOT_CLASS = YES_ERROR;
				CLANG_WARN_UNREACHABLE_CODE = YES;
				CLANG_WARN__DUPLICATE_METHOD_MATCH = YES;
				"CODE_SIGN_IDENTITY[sdk=iphoneos*]" = "iPhone Developer";
				COPY_PHASE_STRIP = NO;
				ENABLE_STRICT_OBJC_MSGSEND = YES;
				GCC_C_LANGUAGE_STANDARD = gnu99;
				GCC_DYNAMIC_NO_PIC = NO;
				GCC_OPTIMIZATION_LEVEL = 0;
				GCC_PREPROCESSOR_DEFINITIONS = (
					"DEBUG=1",
					"$(inherited)",
				);
				GCC_SYMBOLS_PRIVATE_EXTERN = NO;
				GCC_WARN_64_TO_32_BIT_CONVERSION = YES;
				GCC_WARN_ABOUT_RETURN_TYPE = YES_ERROR;
				GCC_WARN_UNDECLARED_SELECTOR = YES;
				GCC_WARN_UNINITIALIZED_AUTOS = YES_AGGRESSIVE;
				GCC_WARN_UNUSED_FUNCTION = YES;
				GCC_WARN_UNUSED_VARIABLE = YES;
				IPHONEOS_DEPLOYMENT_TARGET = 8.1;
				MTL_ENABLE_DEBUG_INFO = YES;
				ONLY_ACTIVE_ARCH = YES;
				SDKROOT = iphoneos;
			};
			name = Debug;
		};
		536181F21A7736CA00558E0D /* Release */ = {
			isa = XCBuildConfiguration;
			buildSettings = {
				ALWAYS_SEARCH_USER_PATHS = NO;
				CLANG_CXX_LANGUAGE_STANDARD = "gnu++0x";
				CLANG_CXX_LIBRARY = "libc++";
				CLANG_ENABLE_MODULES = YES;
				CLANG_ENABLE_OBJC_ARC = YES;
				CLANG_WARN_BOOL_CONVERSION = YES;
				CLANG_WARN_CONSTANT_CONVERSION = YES;
				CLANG_WARN_DIRECT_OBJC_ISA_USAGE = YES_ERROR;
				CLANG_WARN_EMPTY_BODY = YES;
				CLANG_WARN_ENUM_CONVERSION = YES;
				CLANG_WARN_INT_CONVERSION = YES;
				CLANG_WARN_OBJC_ROOT_CLASS = YES_ERROR;
				CLANG_WARN_UNREACHABLE_CODE = YES;
				CLANG_WARN__DUPLICATE_METHOD_MATCH = YES;
				"CODE_SIGN_IDENTITY[sdk=iphoneos*]" = "iPhone Developer";
				COPY_PHASE_STRIP = YES;
				ENABLE_NS_ASSERTIONS = NO;
				ENABLE_STRICT_OBJC_MSGSEND = YES;
				GCC_C_LANGUAGE_STANDARD = gnu99;
				GCC_WARN_64_TO_32_BIT_CONVERSION = YES;
				GCC_WARN_ABOUT_RETURN_TYPE = YES_ERROR;
				GCC_WARN_UNDECLARED_SELECTOR = YES;
				GCC_WARN_UNINITIALIZED_AUTOS = YES_AGGRESSIVE;
				GCC_WARN_UNUSED_FUNCTION = YES;
				GCC_WARN_UNUSED_VARIABLE = YES;
				IPHONEOS_DEPLOYMENT_TARGET = 8.1;
				MTL_ENABLE_DEBUG_INFO = NO;
				SDKROOT = iphoneos;
				VALIDATE_PRODUCT = YES;
			};
			name = Release;
		};
		536181F41A7736CA00558E0D /* Debug */ = {
			isa = XCBuildConfiguration;
			baseConfigurationReference = 776AAB4EB6DD4E208CA72C47 /* Pods.xcconfig */;
			buildSettings = {
				ASSETCATALOG_COMPILER_APPICON_NAME = AppIcon;
				INFOPLIST_FILE = rottenTomato/Info.plist;
				LD_RUNPATH_SEARCH_PATHS = "$(inherited) @executable_path/Frameworks";
				PRODUCT_NAME = "$(TARGET_NAME)";
			};
			name = Debug;
		};
		536181F51A7736CA00558E0D /* Release */ = {
			isa = XCBuildConfiguration;
			baseConfigurationReference = 776AAB4EB6DD4E208CA72C47 /* Pods.xcconfig */;
			buildSettings = {
				ASSETCATALOG_COMPILER_APPICON_NAME = AppIcon;
				INFOPLIST_FILE = rottenTomato/Info.plist;
				LD_RUNPATH_SEARCH_PATHS = "$(inherited) @executable_path/Frameworks";
				PRODUCT_NAME = "$(TARGET_NAME)";
			};
			name = Release;
		};
		536181F71A7736CA00558E0D /* Debug */ = {
			isa = XCBuildConfiguration;
			buildSettings = {
				BUNDLE_LOADER = "$(TEST_HOST)";
				FRAMEWORK_SEARCH_PATHS = (
					"$(SDKROOT)/Developer/Library/Frameworks",
					"$(inherited)",
				);
				GCC_PREPROCESSOR_DEFINITIONS = (
					"DEBUG=1",
					"$(inherited)",
				);
				INFOPLIST_FILE = rottenTomatoTests/Info.plist;
				LD_RUNPATH_SEARCH_PATHS = "$(inherited) @executable_path/Frameworks @loader_path/Frameworks";
				PRODUCT_NAME = "$(TARGET_NAME)";
				TEST_HOST = "$(BUILT_PRODUCTS_DIR)/rottenTomato.app/rottenTomato";
			};
			name = Debug;
		};
		536181F81A7736CA00558E0D /* Release */ = {
			isa = XCBuildConfiguration;
			buildSettings = {
				BUNDLE_LOADER = "$(TEST_HOST)";
				FRAMEWORK_SEARCH_PATHS = (
					"$(SDKROOT)/Developer/Library/Frameworks",
					"$(inherited)",
				);
				INFOPLIST_FILE = rottenTomatoTests/Info.plist;
				LD_RUNPATH_SEARCH_PATHS = "$(inherited) @executable_path/Frameworks @loader_path/Frameworks";
				PRODUCT_NAME = "$(TARGET_NAME)";
				TEST_HOST = "$(BUILT_PRODUCTS_DIR)/rottenTomato.app/rottenTomato";
			};
			name = Release;
		};
/* End XCBuildConfiguration section */

/* Begin XCConfigurationList section */
		536181CB1A7736CA00558E0D /* Build configuration list for PBXProject "rottenTomato" */ = {
			isa = XCConfigurationList;
			buildConfigurations = (
				536181F11A7736CA00558E0D /* Debug */,
				536181F21A7736CA00558E0D /* Release */,
			);
			defaultConfigurationIsVisible = 0;
			defaultConfigurationName = Release;
		};
		536181F31A7736CA00558E0D /* Build configuration list for PBXNativeTarget "rottenTomato" */ = {
			isa = XCConfigurationList;
			buildConfigurations = (
				536181F41A7736CA00558E0D /* Debug */,
				536181F51A7736CA00558E0D /* Release */,
			);
			defaultConfigurationIsVisible = 0;
			defaultConfigurationName = Release;
		};
		536181F61A7736CA00558E0D /* Build configuration list for PBXNativeTarget "rottenTomatoTests" */ = {
			isa = XCConfigurationList;
			buildConfigurations = (
				536181F71A7736CA00558E0D /* Debug */,
				536181F81A7736CA00558E0D /* Release */,
			);
			defaultConfigurationIsVisible = 0;
			defaultConfigurationName = Release;
		};
/* End XCConfigurationList section */
	};
	rootObject = 536181C81A7736CA00558E0D /* Project object */;
}
